// !$*UTF8*$!
{
	archiveVersion = 1;
	classes = {
	};
	objectVersion = 50;
	objects = {

/* Begin PBXBuildFile section */
		504C2EB524708ADF0012DA56 /* AppDelegate.swift in Sources */ = {isa = PBXBuildFile; fileRef = 504C2EB424708ADF0012DA56 /* AppDelegate.swift */; };
		504C2EB724708ADF0012DA56 /* SceneDelegate.swift in Sources */ = {isa = PBXBuildFile; fileRef = 504C2EB624708ADF0012DA56 /* SceneDelegate.swift */; };
		504C2EBA24708ADF0012DA56 /* HappyGrad.xcdatamodeld in Sources */ = {isa = PBXBuildFile; fileRef = 504C2EB824708ADF0012DA56 /* HappyGrad.xcdatamodeld */; };
		504C2EBC24708ADF0012DA56 /* ContentView.swift in Sources */ = {isa = PBXBuildFile; fileRef = 504C2EBB24708ADF0012DA56 /* ContentView.swift */; };
		504C2EBE24708AE20012DA56 /* Assets.xcassets in Resources */ = {isa = PBXBuildFile; fileRef = 504C2EBD24708AE20012DA56 /* Assets.xcassets */; };
		504C2EC124708AE20012DA56 /* Preview Assets.xcassets in Resources */ = {isa = PBXBuildFile; fileRef = 504C2EC024708AE20012DA56 /* Preview Assets.xcassets */; };
		504C2EC424708AE20012DA56 /* LaunchScreen.storyboard in Resources */ = {isa = PBXBuildFile; fileRef = 504C2EC224708AE20012DA56 /* LaunchScreen.storyboard */; };
		504C2ECC24708E9C0012DA56 /* ListCell.swift in Sources */ = {isa = PBXBuildFile; fileRef = 504C2ECB24708E9C0012DA56 /* ListCell.swift */; };
		504C2ED024708EBD0012DA56 /* CongratsList.swift in Sources */ = {isa = PBXBuildFile; fileRef = 504C2ECF24708EBD0012DA56 /* CongratsList.swift */; };
		504C2ED324708EFD0012DA56 /* CongratsItem.swift in Sources */ = {isa = PBXBuildFile; fileRef = 504C2ED224708EFD0012DA56 /* CongratsItem.swift */; };
		504C2ED82470902E0012DA56 /* ActivityIndicator.swift in Sources */ = {isa = PBXBuildFile; fileRef = 504C2ED72470902E0012DA56 /* ActivityIndicator.swift */; };
		504C2EDA247090820012DA56 /* ViewLoader.swift in Sources */ = {isa = PBXBuildFile; fileRef = 504C2ED9247090820012DA56 /* ViewLoader.swift */; };
		504C2EDC2470928E0012DA56 /* CongratsViewModel.swift in Sources */ = {isa = PBXBuildFile; fileRef = 504C2EDB2470928E0012DA56 /* CongratsViewModel.swift */; };
		504F114C2472D34D00B67EB8 /* AVFoundation.framework in Frameworks */ = {isa = PBXBuildFile; fileRef = 504F114A2472D34D00B67EB8 /* AVFoundation.framework */; };
		504F114D2472D34D00B67EB8 /* AVKit.framework in Frameworks */ = {isa = PBXBuildFile; fileRef = 504F114B2472D34D00B67EB8 /* AVKit.framework */; };
		504F114F2472D5D500B67EB8 /* VideoPlayer.swift in Sources */ = {isa = PBXBuildFile; fileRef = 504F114E2472D5D500B67EB8 /* VideoPlayer.swift */; };
		504F11542472E18800B67EB8 /* Tristan-Trevino.jpg in Resources */ = {isa = PBXBuildFile; fileRef = 504F11512472E18800B67EB8 /* Tristan-Trevino.jpg */; };
		504F11552472E18800B67EB8 /* Barnet-Levinson.png in Resources */ = {isa = PBXBuildFile; fileRef = 504F11522472E18800B67EB8 /* Barnet-Levinson.png */; };
		504F11572472E1E900B67EB8 /* Morgan-and-Tyler-Langlais.jpg in Resources */ = {isa = PBXBuildFile; fileRef = 504F11562472E1E900B67EB8 /* Morgan-and-Tyler-Langlais.jpg */; };
/* End PBXBuildFile section */

/* Begin PBXFileReference section */
		504C2EB124708ADF0012DA56 /* HappyGrad.app */ = {isa = PBXFileReference; explicitFileType = wrapper.application; includeInIndex = 0; path = HappyGrad.app; sourceTree = BUILT_PRODUCTS_DIR; };
		504C2EB424708ADF0012DA56 /* AppDelegate.swift */ = {isa = PBXFileReference; lastKnownFileType = sourcecode.swift; path = AppDelegate.swift; sourceTree = "<group>"; };
		504C2EB624708ADF0012DA56 /* SceneDelegate.swift */ = {isa = PBXFileReference; lastKnownFileType = sourcecode.swift; path = SceneDelegate.swift; sourceTree = "<group>"; };
		504C2EB924708ADF0012DA56 /* HappyGrad.xcdatamodel */ = {isa = PBXFileReference; lastKnownFileType = wrapper.xcdatamodel; path = HappyGrad.xcdatamodel; sourceTree = "<group>"; };
		504C2EBB24708ADF0012DA56 /* ContentView.swift */ = {isa = PBXFileReference; lastKnownFileType = sourcecode.swift; path = ContentView.swift; sourceTree = "<group>"; };
		504C2EBD24708AE20012DA56 /* Assets.xcassets */ = {isa = PBXFileReference; lastKnownFileType = folder.assetcatalog; path = Assets.xcassets; sourceTree = "<group>"; };
		504C2EC024708AE20012DA56 /* Preview Assets.xcassets */ = {isa = PBXFileReference; lastKnownFileType = folder.assetcatalog; path = "Preview Assets.xcassets"; sourceTree = "<group>"; };
		504C2EC324708AE20012DA56 /* Base */ = {isa = PBXFileReference; lastKnownFileType = file.storyboard; name = Base; path = Base.lproj/LaunchScreen.storyboard; sourceTree = "<group>"; };
		504C2EC524708AE20012DA56 /* Info.plist */ = {isa = PBXFileReference; lastKnownFileType = text.plist.xml; path = Info.plist; sourceTree = "<group>"; };
		504C2ECB24708E9C0012DA56 /* ListCell.swift */ = {isa = PBXFileReference; lastKnownFileType = sourcecode.swift; path = ListCell.swift; sourceTree = "<group>"; };
		504C2ECF24708EBD0012DA56 /* CongratsList.swift */ = {isa = PBXFileReference; lastKnownFileType = sourcecode.swift; path = CongratsList.swift; sourceTree = "<group>"; };
		504C2ED224708EFD0012DA56 /* CongratsItem.swift */ = {isa = PBXFileReference; lastKnownFileType = sourcecode.swift; path = CongratsItem.swift; sourceTree = "<group>"; };
		504C2ED72470902E0012DA56 /* ActivityIndicator.swift */ = {isa = PBXFileReference; lastKnownFileType = sourcecode.swift; path = ActivityIndicator.swift; sourceTree = "<group>"; };
		504C2ED9247090820012DA56 /* ViewLoader.swift */ = {isa = PBXFileReference; lastKnownFileType = sourcecode.swift; path = ViewLoader.swift; sourceTree = "<group>"; };
		504C2EDB2470928E0012DA56 /* CongratsViewModel.swift */ = {isa = PBXFileReference; lastKnownFileType = sourcecode.swift; path = CongratsViewModel.swift; sourceTree = "<group>"; };
		504F114A2472D34D00B67EB8 /* AVFoundation.framework */ = {isa = PBXFileReference; lastKnownFileType = wrapper.framework; name = AVFoundation.framework; path = System/Library/Frameworks/AVFoundation.framework; sourceTree = SDKROOT; };
		504F114B2472D34D00B67EB8 /* AVKit.framework */ = {isa = PBXFileReference; lastKnownFileType = wrapper.framework; name = AVKit.framework; path = System/Library/Frameworks/AVKit.framework; sourceTree = SDKROOT; };
		504F114E2472D5D500B67EB8 /* VideoPlayer.swift */ = {isa = PBXFileReference; lastKnownFileType = sourcecode.swift; path = VideoPlayer.swift; sourceTree = "<group>"; };
		504F11512472E18800B67EB8 /* Tristan-Trevino.jpg */ = {isa = PBXFileReference; lastKnownFileType = image.jpeg; name = "Tristan-Trevino.jpg"; path = "../../docker/images/Tristan-Trevino.jpg"; sourceTree = "<group>"; };
		504F11522472E18800B67EB8 /* Barnet-Levinson.png */ = {isa = PBXFileReference; lastKnownFileType = image.png; name = "Barnet-Levinson.png"; path = "../../docker/images/Barnet-Levinson.png"; sourceTree = "<group>"; };
		504F11562472E1E900B67EB8 /* Morgan-and-Tyler-Langlais.jpg */ = {isa = PBXFileReference; lastKnownFileType = image.jpeg; name = "Morgan-and-Tyler-Langlais.jpg"; path = "../../docker/images/Morgan-and-Tyler-Langlais.jpg"; sourceTree = "<group>"; };
/* End PBXFileReference section */

/* Begin PBXFrameworksBuildPhase section */
		504C2EAE24708ADF0012DA56 /* Frameworks */ = {
			isa = PBXFrameworksBuildPhase;
			buildActionMask = 2147483647;
			files = (
				504F114D2472D34D00B67EB8 /* AVKit.framework in Frameworks */,
				504F114C2472D34D00B67EB8 /* AVFoundation.framework in Frameworks */,
			);
			runOnlyForDeploymentPostprocessing = 0;
		};
/* End PBXFrameworksBuildPhase section */

/* Begin PBXGroup section */
		504C2EA824708ADF0012DA56 = {
			isa = PBXGroup;
			children = (
				504F113B2471BFFC00B67EB8 /* TestImages */,
				504C2EB324708ADF0012DA56 /* HappyGrad */,
				504C2EB224708ADF0012DA56 /* Products */,
				504F11492472D34D00B67EB8 /* Frameworks */,
			);
			sourceTree = "<group>";
		};
		504C2EB224708ADF0012DA56 /* Products */ = {
			isa = PBXGroup;
			children = (
				504C2EB124708ADF0012DA56 /* HappyGrad.app */,
			);
			name = Products;
			sourceTree = "<group>";
		};
		504C2EB324708ADF0012DA56 /* HappyGrad */ = {
			isa = PBXGroup;
			children = (
				504C2EB424708ADF0012DA56 /* AppDelegate.swift */,
				504C2EB624708ADF0012DA56 /* SceneDelegate.swift */,
				504C2ED124708ED40012DA56 /* View */,
				504C2EBD24708AE20012DA56 /* Assets.xcassets */,
				504C2EC224708AE20012DA56 /* LaunchScreen.storyboard */,
				504C2EC524708AE20012DA56 /* Info.plist */,
				504C2EB824708ADF0012DA56 /* HappyGrad.xcdatamodeld */,
				504C2EBF24708AE20012DA56 /* Preview Content */,
			);
			path = HappyGrad;
			sourceTree = "<group>";
		};
		504C2EBF24708AE20012DA56 /* Preview Content */ = {
			isa = PBXGroup;
			children = (
				504C2EC024708AE20012DA56 /* Preview Assets.xcassets */,
			);
			path = "Preview Content";
			sourceTree = "<group>";
		};
		504C2ED124708ED40012DA56 /* View */ = {
			isa = PBXGroup;
			children = (
				504C2EBB24708ADF0012DA56 /* ContentView.swift */,
				504C2ECB24708E9C0012DA56 /* ListCell.swift */,
				504C2ECF24708EBD0012DA56 /* CongratsList.swift */,
				504C2ED224708EFD0012DA56 /* CongratsItem.swift */,
				504C2EDB2470928E0012DA56 /* CongratsViewModel.swift */,
				504C2ED72470902E0012DA56 /* ActivityIndicator.swift */,
				504C2ED9247090820012DA56 /* ViewLoader.swift */,
				504F114E2472D5D500B67EB8 /* VideoPlayer.swift */,
			);
			path = View;
			sourceTree = "<group>";
		};
		504F113B2471BFFC00B67EB8 /* TestImages */ = {
			isa = PBXGroup;
			children = (
				504F11522472E18800B67EB8 /* Barnet-Levinson.png */,
				504F11562472E1E900B67EB8 /* Morgan-and-Tyler-Langlais.jpg */,
				504F11512472E18800B67EB8 /* Tristan-Trevino.jpg */,
			);
			path = TestImages;
			sourceTree = "<group>";
		};
		504F11492472D34D00B67EB8 /* Frameworks */ = {
			isa = PBXGroup;
			children = (
				504F114A2472D34D00B67EB8 /* AVFoundation.framework */,
				504F114B2472D34D00B67EB8 /* AVKit.framework */,
			);
			name = Frameworks;
			sourceTree = "<group>";
		};
/* End PBXGroup section */

/* Begin PBXNativeTarget section */
		504C2EB024708ADF0012DA56 /* HappyGrad */ = {
			isa = PBXNativeTarget;
			buildConfigurationList = 504C2EC824708AE20012DA56 /* Build configuration list for PBXNativeTarget "HappyGrad" */;
			buildPhases = (
				504C2EAD24708ADF0012DA56 /* Sources */,
				504C2EAE24708ADF0012DA56 /* Frameworks */,
				504C2EAF24708ADF0012DA56 /* Resources */,
			);
			buildRules = (
			);
			dependencies = (
			);
			name = HappyGrad;
			packageProductDependencies = (
			);
			productName = HappyGrad;
			productReference = 504C2EB124708ADF0012DA56 /* HappyGrad.app */;
			productType = "com.apple.product-type.application";
		};
/* End PBXNativeTarget section */

/* Begin PBXProject section */
		504C2EA924708ADF0012DA56 /* Project object */ = {
			isa = PBXProject;
			attributes = {
				LastSwiftUpdateCheck = 1140;
				LastUpgradeCheck = 1140;
				ORGANIZATIONNAME = "David Okun";
				TargetAttributes = {
					504C2EB024708ADF0012DA56 = {
						CreatedOnToolsVersion = 11.4.1;
					};
				};
			};
			buildConfigurationList = 504C2EAC24708ADF0012DA56 /* Build configuration list for PBXProject "HappyGrad" */;
			compatibilityVersion = "Xcode 9.3";
			developmentRegion = en;
			hasScannedForEncodings = 0;
			knownRegions = (
				en,
				Base,
			);
			mainGroup = 504C2EA824708ADF0012DA56;
			packageReferences = (
			);
			productRefGroup = 504C2EB224708ADF0012DA56 /* Products */;
			projectDirPath = "";
			projectRoot = "";
			targets = (
				504C2EB024708ADF0012DA56 /* HappyGrad */,
			);
		};
/* End PBXProject section */

/* Begin PBXResourcesBuildPhase section */
		504C2EAF24708ADF0012DA56 /* Resources */ = {
			isa = PBXResourcesBuildPhase;
			buildActionMask = 2147483647;
			files = (
				504C2EC424708AE20012DA56 /* LaunchScreen.storyboard in Resources */,
				504F11542472E18800B67EB8 /* Tristan-Trevino.jpg in Resources */,
				504F11552472E18800B67EB8 /* Barnet-Levinson.png in Resources */,
				504F11572472E1E900B67EB8 /* Morgan-and-Tyler-Langlais.jpg in Resources */,
				504C2EC124708AE20012DA56 /* Preview Assets.xcassets in Resources */,
				504C2EBE24708AE20012DA56 /* Assets.xcassets in Resources */,
			);
			runOnlyForDeploymentPostprocessing = 0;
		};
/* End PBXResourcesBuildPhase section */

/* Begin PBXSourcesBuildPhase section */
		504C2EAD24708ADF0012DA56 /* Sources */ = {
			isa = PBXSourcesBuildPhase;
			buildActionMask = 2147483647;
			files = (
				504C2EB524708ADF0012DA56 /* AppDelegate.swift in Sources */,
				504C2EBA24708ADF0012DA56 /* HappyGrad.xcdatamodeld in Sources */,
				504C2EDA247090820012DA56 /* ViewLoader.swift in Sources */,
				504C2ED324708EFD0012DA56 /* CongratsItem.swift in Sources */,
				504C2EBC24708ADF0012DA56 /* ContentView.swift in Sources */,
				504C2ED82470902E0012DA56 /* ActivityIndicator.swift in Sources */,
				504C2ECC24708E9C0012DA56 /* ListCell.swift in Sources */,
				504C2ED024708EBD0012DA56 /* CongratsList.swift in Sources */,
				504C2EB724708ADF0012DA56 /* SceneDelegate.swift in Sources */,
				504F114F2472D5D500B67EB8 /* VideoPlayer.swift in Sources */,
				504C2EDC2470928E0012DA56 /* CongratsViewModel.swift in Sources */,
			);
			runOnlyForDeploymentPostprocessing = 0;
		};
/* End PBXSourcesBuildPhase section */

/* Begin PBXVariantGroup section */
		504C2EC224708AE20012DA56 /* LaunchScreen.storyboard */ = {
			isa = PBXVariantGroup;
			children = (
				504C2EC324708AE20012DA56 /* Base */,
			);
			name = LaunchScreen.storyboard;
			sourceTree = "<group>";
		};
/* End PBXVariantGroup section */

/* Begin XCBuildConfiguration section */
		504C2EC624708AE20012DA56 /* Debug */ = {
			isa = XCBuildConfiguration;
			buildSettings = {
				ALWAYS_SEARCH_USER_PATHS = NO;
				CLANG_ANALYZER_NONNULL = YES;
				CLANG_ANALYZER_NUMBER_OBJECT_CONVERSION = YES_AGGRESSIVE;
				CLANG_CXX_LANGUAGE_STANDARD = "gnu++14";
				CLANG_CXX_LIBRARY = "libc++";
				CLANG_ENABLE_MODULES = YES;
				CLANG_ENABLE_OBJC_ARC = YES;
				CLANG_ENABLE_OBJC_WEAK = YES;
				CLANG_WARN_BLOCK_CAPTURE_AUTORELEASING = YES;
				CLANG_WARN_BOOL_CONVERSION = YES;
				CLANG_WARN_COMMA = YES;
				CLANG_WARN_CONSTANT_CONVERSION = YES;
				CLANG_WARN_DEPRECATED_OBJC_IMPLEMENTATIONS = YES;
				CLANG_WARN_DIRECT_OBJC_ISA_USAGE = YES_ERROR;
				CLANG_WARN_DOCUMENTATION_COMMENTS = YES;
				CLANG_WARN_EMPTY_BODY = YES;
				CLANG_WARN_ENUM_CONVERSION = YES;
				CLANG_WARN_INFINITE_RECURSION = YES;
				CLANG_WARN_INT_CONVERSION = YES;
				CLANG_WARN_NON_LITERAL_NULL_CONVERSION = YES;
				CLANG_WARN_OBJC_IMPLICIT_RETAIN_SELF = YES;
				CLANG_WARN_OBJC_LITERAL_CONVERSION = YES;
				CLANG_WARN_OBJC_ROOT_CLASS = YES_ERROR;
				CLANG_WARN_RANGE_LOOP_ANALYSIS = YES;
				CLANG_WARN_STRICT_PROTOTYPES = YES;
				CLANG_WARN_SUSPICIOUS_MOVE = YES;
				CLANG_WARN_UNGUARDED_AVAILABILITY = YES_AGGRESSIVE;
				CLANG_WARN_UNREACHABLE_CODE = YES;
				CLANG_WARN__DUPLICATE_METHOD_MATCH = YES;
				COPY_PHASE_STRIP = NO;
				DEBUG_INFORMATION_FORMAT = dwarf;
				ENABLE_STRICT_OBJC_MSGSEND = YES;
				ENABLE_TESTABILITY = YES;
				GCC_C_LANGUAGE_STANDARD = gnu11;
				GCC_DYNAMIC_NO_PIC = NO;
				GCC_NO_COMMON_BLOCKS = YES;
				GCC_OPTIMIZATION_LEVEL = 0;
				GCC_PREPROCESSOR_DEFINITIONS = (
					"DEBUG=1",
					"$(inherited)",
				);
				GCC_WARN_64_TO_32_BIT_CONVERSION = YES;
				GCC_WARN_ABOUT_RETURN_TYPE = YES_ERROR;
				GCC_WARN_UNDECLARED_SELECTOR = YES;
				GCC_WARN_UNINITIALIZED_AUTOS = YES_AGGRESSIVE;
				GCC_WARN_UNUSED_FUNCTION = YES;
				GCC_WARN_UNUSED_VARIABLE = YES;
				IPHONEOS_DEPLOYMENT_TARGET = 13.4;
				MTL_ENABLE_DEBUG_INFO = INCLUDE_SOURCE;
				MTL_FAST_MATH = YES;
				ONLY_ACTIVE_ARCH = YES;
				SDKROOT = iphoneos;
				SWIFT_ACTIVE_COMPILATION_CONDITIONS = DEBUG;
				SWIFT_OPTIMIZATION_LEVEL = "-Onone";
			};
			name = Debug;
		};
		504C2EC724708AE20012DA56 /* Release */ = {
			isa = XCBuildConfiguration;
			buildSettings = {
				ALWAYS_SEARCH_USER_PATHS = NO;
				CLANG_ANALYZER_NONNULL = YES;
				CLANG_ANALYZER_NUMBER_OBJECT_CONVERSION = YES_AGGRESSIVE;
				CLANG_CXX_LANGUAGE_STANDARD = "gnu++14";
				CLANG_CXX_LIBRARY = "libc++";
				CLANG_ENABLE_MODULES = YES;
				CLANG_ENABLE_OBJC_ARC = YES;
				CLANG_ENABLE_OBJC_WEAK = YES;
				CLANG_WARN_BLOCK_CAPTURE_AUTORELEASING = YES;
				CLANG_WARN_BOOL_CONVERSION = YES;
				CLANG_WARN_COMMA = YES;
				CLANG_WARN_CONSTANT_CONVERSION = YES;
				CLANG_WARN_DEPRECATED_OBJC_IMPLEMENTATIONS = YES;
				CLANG_WARN_DIRECT_OBJC_ISA_USAGE = YES_ERROR;
				CLANG_WARN_DOCUMENTATION_COMMENTS = YES;
				CLANG_WARN_EMPTY_BODY = YES;
				CLANG_WARN_ENUM_CONVERSION = YES;
				CLANG_WARN_INFINITE_RECURSION = YES;
				CLANG_WARN_INT_CONVERSION = YES;
				CLANG_WARN_NON_LITERAL_NULL_CONVERSION = YES;
				CLANG_WARN_OBJC_IMPLICIT_RETAIN_SELF = YES;
				CLANG_WARN_OBJC_LITERAL_CONVERSION = YES;
				CLANG_WARN_OBJC_ROOT_CLASS = YES_ERROR;
				CLANG_WARN_RANGE_LOOP_ANALYSIS = YES;
				CLANG_WARN_STRICT_PROTOTYPES = YES;
				CLANG_WARN_SUSPICIOUS_MOVE = YES;
				CLANG_WARN_UNGUARDED_AVAILABILITY = YES_AGGRESSIVE;
				CLANG_WARN_UNREACHABLE_CODE = YES;
				CLANG_WARN__DUPLICATE_METHOD_MATCH = YES;
				COPY_PHASE_STRIP = NO;
				DEBUG_INFORMATION_FORMAT = "dwarf-with-dsym";
				ENABLE_NS_ASSERTIONS = NO;
				ENABLE_STRICT_OBJC_MSGSEND = YES;
				GCC_C_LANGUAGE_STANDARD = gnu11;
				GCC_NO_COMMON_BLOCKS = YES;
				GCC_WARN_64_TO_32_BIT_CONVERSION = YES;
				GCC_WARN_ABOUT_RETURN_TYPE = YES_ERROR;
				GCC_WARN_UNDECLARED_SELECTOR = YES;
				GCC_WARN_UNINITIALIZED_AUTOS = YES_AGGRESSIVE;
				GCC_WARN_UNUSED_FUNCTION = YES;
				GCC_WARN_UNUSED_VARIABLE = YES;
				IPHONEOS_DEPLOYMENT_TARGET = 13.4;
				MTL_ENABLE_DEBUG_INFO = NO;
				MTL_FAST_MATH = YES;
				SDKROOT = iphoneos;
				SWIFT_COMPILATION_MODE = wholemodule;
				SWIFT_OPTIMIZATION_LEVEL = "-O";
				VALIDATE_PRODUCT = YES;
			};
			name = Release;
		};
		504C2EC924708AE20012DA56 /* Debug */ = {
			isa = XCBuildConfiguration;
			buildSettings = {
				ASSETCATALOG_COMPILER_APPICON_NAME = AppIcon;
				CODE_SIGN_STYLE = Automatic;
				DEVELOPMENT_ASSET_PATHS = "\"HappyGrad/Preview Content\"";
				DEVELOPMENT_TEAM = RQ632LL2X3;
				ENABLE_PREVIEWS = YES;
				INFOPLIST_FILE = HappyGrad/Info.plist;
				IPHONEOS_DEPLOYMENT_TARGET = 13.0;
				LD_RUNPATH_SEARCH_PATHS = (
					"$(inherited)",
					"@executable_path/Frameworks",
				);
				PRODUCT_BUNDLE_IDENTIFIER = com.okun.HappyGrad;
				PRODUCT_NAME = "$(TARGET_NAME)";
				SWIFT_VERSION = 5.0;
				TARGETED_DEVICE_FAMILY = "1,2";
			};
			name = Debug;
		};
		504C2ECA24708AE20012DA56 /* Release */ = {
			isa = XCBuildConfiguration;
			buildSettings = {
				ASSETCATALOG_COMPILER_APPICON_NAME = AppIcon;
				CODE_SIGN_STYLE = Automatic;
				DEVELOPMENT_ASSET_PATHS = "\"HappyGrad/Preview Content\"";
				DEVELOPMENT_TEAM = RQ632LL2X3;
				ENABLE_PREVIEWS = YES;
				INFOPLIST_FILE = HappyGrad/Info.plist;
				IPHONEOS_DEPLOYMENT_TARGET = 13.0;
				LD_RUNPATH_SEARCH_PATHS = (
					"$(inherited)",
					"@executable_path/Frameworks",
				);
				PRODUCT_BUNDLE_IDENTIFIER = com.okun.HappyGrad;
				PRODUCT_NAME = "$(TARGET_NAME)";
				SWIFT_VERSION = 5.0;
				TARGETED_DEVICE_FAMILY = "1,2";
			};
			name = Release;
		};
/* End XCBuildConfiguration section */

/* Begin XCConfigurationList section */
		504C2EAC24708ADF0012DA56 /* Build configuration list for PBXProject "HappyGrad" */ = {
			isa = XCConfigurationList;
			buildConfigurations = (
				504C2EC624708AE20012DA56 /* Debug */,
				504C2EC724708AE20012DA56 /* Release */,
			);
			defaultConfigurationIsVisible = 0;
			defaultConfigurationName = Release;
		};
		504C2EC824708AE20012DA56 /* Build configuration list for PBXNativeTarget "HappyGrad" */ = {
			isa = XCConfigurationList;
			buildConfigurations = (
				504C2EC924708AE20012DA56 /* Debug */,
				504C2ECA24708AE20012DA56 /* Release */,
			);
			defaultConfigurationIsVisible = 0;
			defaultConfigurationName = Release;
		};
/* End XCConfigurationList section */

/* Begin XCVersionGroup section */
		504C2EB824708ADF0012DA56 /* HappyGrad.xcdatamodeld */ = {
			isa = XCVersionGroup;
			children = (
				504C2EB924708ADF0012DA56 /* HappyGrad.xcdatamodel */,
			);
			currentVersion = 504C2EB924708ADF0012DA56 /* HappyGrad.xcdatamodel */;
			path = HappyGrad.xcdatamodeld;
			sourceTree = "<group>";
			versionGroupType = wrapper.xcdatamodel;
		};
/* End XCVersionGroup section */
	};
	rootObject = 504C2EA924708ADF0012DA56 /* Project object */;
}
